
Microsoft Visual Studio Solution File, Format Version 12.00
# Visual Studio Version 17
VisualStudioVersion = 17.5.33530.505
MinimumVisualStudioVersion = 10.0.40219.1
Project("{F184B08F-C81C-45F6-A57F-5ABD9991F28F}") = "Launcher", "MediaPlayerUI\Launcher.vbproj", "{4C1829B6-1F4A-4458-B59D-EDAD07606EFA}"
EndProject
Project("{2150E333-8FDC-42A3-9474-1A3956D46DE8}") = "Éléments de solution", "Éléments de solution", "{E4732FD1-364A-40AF-B28A-BB8CA1555558}"
EndProject
Global
	GlobalSection(SolutionConfigurationPlatforms) = preSolution
		Debug|Any CPU = Debug|Any CPU
		Release|Any CPU = Release|Any CPU
	EndGlobalSection
	GlobalSection(ProjectConfigurationPlatforms) = postSolution
		{4C1829B6-1F4A-4458-B59D-EDAD07606EFA}.Debug|Any CPU.ActiveCfg = Debug|Any CPU
		{4C1829B6-1F4A-4458-B59D-EDAD07606EFA}.Debug|Any CPU.Build.0 = Debug|Any CPU
		{4C1829B6-1F4A-4458-B59D-EDAD07606EFA}.Release|Any CPU.ActiveCfg = Release|Any CPU
		{4C1829B6-1F4A-4458-B59D-EDAD07606EFA}.Release|Any CPU.Build.0 = Release|Any CPU
	EndGlobalSection
	GlobalSection(SolutionProperties) = preSolution
		HideSolutionNode = FALSE
	EndGlobalSection
EndGlobal
